Microsoft Visual Studio Solution File, Format Version 12.00
# Visual Studio Version 17
VisualStudioVersion = 17.0.31903.59
MinimumVisualStudioVersion = 10.0.40219.1
Project("{2150E333-8FDC-42A3-9474-1A3956D46DE8}") = "src", "src", "{827E0CD3-B72D-47B6-A68D-7590B98EB39B}"
EndProject
Project("{2150E333-8FDC-42A3-9474-1A3956D46DE8}") = "API", "API", "{81034408-37C8-1011-444E-4C15C2FADA8E}"
EndProject
Project("{FAE04EC0-301F-11D3-BF4B-00C04F79EFBC}") = "CMS.API", "src\API\CMS.API\CMS.API.csproj", "{C0A7B346-81ED-421B-9455-21439666D47B}"
EndProject
Project("{2150E333-8FDC-42A3-9474-1A3956D46DE8}") = "Core", "Core", "{8D626EA8-CB54-BC41-363A-217881BEBA6E}"
EndProject
Project("{FAE04EC0-301F-11D3-BF4B-00C04F79EFBC}") = "CMS.Application", "src\Core\CMS.Application\CMS.Application.csproj", "{E6E3D2B6-3D8C-46C0-9B78-0E06F48E83A5}"
EndProject
Project("{FAE04EC0-301F-11D3-BF4B-00C04F79EFBC}") = "CMS.Domain", "src\Core\CMS.Domain\CMS.Domain.csproj", "{A9023856-FEB0-43E4-B957-78099AAD8C2D}"
EndProject
Project("{2150E333-8FDC-42A3-9474-1A3956D46DE8}") = "Infrastructure", "Infrastructure", "{9048EB7F-3875-A59E-E36B-5BD4C6F2A282}"
EndProject
Project("{FAE04EC0-301F-11D3-BF4B-00C04F79EFBC}") = "CMS.Infrastructure", "src\Infrastructure\CMS.Infrastructure\CMS.Infrastructure.csproj", "{BF8350E8-B746-409A-88A1-E9A90F4A17F1}"
EndProject
Project("{FAE04EC0-301F-11D3-BF4B-00C04F79EFBC}") = "CMS.Persistence", "src\Infrastructure\CMS.Persistence\CMS.Persistence.csproj", "{DEB28285-7F9A-4E07-B0EB-55DD24EC6EB5}"
EndProject
Project("{2150E333-8FDC-42A3-9474-1A3956D46DE8}") = "tests", "tests", "{02EA681E-C7D8-13C7-8484-4AC65E1B71E8}"
EndProject
Project("{E53339B2-1760-4266-BCC7-CA923CBCF16C}") = "docker-compose", "docker-compose.dcproj", "{81DDED9D-158B-E303-5F62-77A2896D2A5A}"
EndProject
Project("{FAE04EC0-301F-11D3-BF4B-00C04F79EFBC}") = "CMS.Shared", "src\CMS.Shared\CMS.Shared.csproj", "{C485CC84-3A5E-4EAD-9AB3-10A2BEDF99C6}"
EndProject
Project("{FAE04EC0-301F-11D3-BF4B-00C04F79EFBC}") = "CMS.UnitTests", "tests\CMS.UnitTests\CMS.UnitTests.csproj", "{5D2945CF-337A-E4E9-4F6D-426EFED10428}"
EndProject
Project("{FAE04EC0-301F-11D3-BF4B-00C04F79EFBC}") = "CMS.Tests.Common", "tests\CMS.Tests.Common\CMS.Tests.Common.csproj", "{C2BB1C32-4104-160D-1341-6B6E0387E581}"
EndProject
Project("{FAE04EC0-301F-11D3-BF4B-00C04F79EFBC}") = "CMS.IntegrationTests", "tests\CMS.IntegrationTests\CMS.IntegrationTests.csproj", "{65D9CA3A-B606-D14E-932B-07914FAA91EA}"
EndProject
Global
	GlobalSection(SolutionConfigurationPlatforms) = preSolution
		Debug|Any CPU = Debug|Any CPU
		Debug|x64 = Debug|x64
		Debug|x86 = Debug|x86
		Release|Any CPU = Release|Any CPU
		Release|x64 = Release|x64
		Release|x86 = Release|x86
	EndGlobalSection
	GlobalSection(ProjectConfigurationPlatforms) = postSolution
		{C0A7B346-81ED-421B-9455-21439666D47B}.Debug|Any CPU.ActiveCfg = Debug|Any CPU
		{C0A7B346-81ED-421B-9455-21439666D47B}.Debug|Any CPU.Build.0 = Debug|Any CPU
		{C0A7B346-81ED-421B-9455-21439666D47B}.Debug|x64.ActiveCfg = Debug|Any CPU
		{C0A7B346-81ED-421B-9455-21439666D47B}.Debug|x64.Build.0 = Debug|Any CPU
		{C0A7B346-81ED-421B-9455-21439666D47B}.Debug|x86.ActiveCfg = Debug|Any CPU
		{C0A7B346-81ED-421B-9455-21439666D47B}.Debug|x86.Build.0 = Debug|Any CPU
		{C0A7B346-81ED-421B-9455-21439666D47B}.Release|Any CPU.ActiveCfg = Release|Any CPU
		{C0A7B346-81ED-421B-9455-21439666D47B}.Release|Any CPU.Build.0 = Release|Any CPU
		{C0A7B346-81ED-421B-9455-21439666D47B}.Release|x64.ActiveCfg = Release|Any CPU
		{C0A7B346-81ED-421B-9455-21439666D47B}.Release|x64.Build.0 = Release|Any CPU
		{C0A7B346-81ED-421B-9455-21439666D47B}.Release|x86.ActiveCfg = Release|Any CPU
		{C0A7B346-81ED-421B-9455-21439666D47B}.Release|x86.Build.0 = Release|Any CPU
		{E6E3D2B6-3D8C-46C0-9B78-0E06F48E83A5}.Debug|Any CPU.ActiveCfg = Debug|Any CPU
		{E6E3D2B6-3D8C-46C0-9B78-0E06F48E83A5}.Debug|Any CPU.Build.0 = Debug|Any CPU
		{E6E3D2B6-3D8C-46C0-9B78-0E06F48E83A5}.Debug|x64.ActiveCfg = Debug|Any CPU
		{E6E3D2B6-3D8C-46C0-9B78-0E06F48E83A5}.Debug|x64.Build.0 = Debug|Any CPU
		{E6E3D2B6-3D8C-46C0-9B78-0E06F48E83A5}.Debug|x86.ActiveCfg = Debug|Any CPU
		{E6E3D2B6-3D8C-46C0-9B78-0E06F48E83A5}.Debug|x86.Build.0 = Debug|Any CPU
		{E6E3D2B6-3D8C-46C0-9B78-0E06F48E83A5}.Release|Any CPU.ActiveCfg = Release|Any CPU
		{E6E3D2B6-3D8C-46C0-9B78-0E06F48E83A5}.Release|Any CPU.Build.0 = Release|Any CPU
		{E6E3D2B6-3D8C-46C0-9B78-0E06F48E83A5}.Release|x64.ActiveCfg = Release|Any CPU
		{E6E3D2B6-3D8C-46C0-9B78-0E06F48E83A5}.Release|x64.Build.0 = Release|Any CPU
		{E6E3D2B6-3D8C-46C0-9B78-0E06F48E83A5}.Release|x86.ActiveCfg = Release|Any CPU
		{E6E3D2B6-3D8C-46C0-9B78-0E06F48E83A5}.Release|x86.Build.0 = Release|Any CPU
		{A9023856-FEB0-43E4-B957-78099AAD8C2D}.Debug|Any CPU.ActiveCfg = Debug|Any CPU
		{A9023856-FEB0-43E4-B957-78099AAD8C2D}.Debug|Any CPU.Build.0 = Debug|Any CPU
		{A9023856-FEB0-43E4-B957-78099AAD8C2D}.Debug|x64.ActiveCfg = Debug|Any CPU
		{A9023856-FEB0-43E4-B957-78099AAD8C2D}.Debug|x64.Build.0 = Debug|Any CPU
		{A9023856-FEB0-43E4-B957-78099AAD8C2D}.Debug|x86.ActiveCfg = Debug|Any CPU
		{A9023856-FEB0-43E4-B957-78099AAD8C2D}.Debug|x86.Build.0 = Debug|Any CPU
		{A9023856-FEB0-43E4-B957-78099AAD8C2D}.Release|Any CPU.ActiveCfg = Release|Any CPU
		{A9023856-FEB0-43E4-B957-78099AAD8C2D}.Release|Any CPU.Build.0 = Release|Any CPU
		{A9023856-FEB0-43E4-B957-78099AAD8C2D}.Release|x64.ActiveCfg = Release|Any CPU
		{A9023856-FEB0-43E4-B957-78099AAD8C2D}.Release|x64.Build.0 = Release|Any CPU
		{A9023856-FEB0-43E4-B957-78099AAD8C2D}.Release|x86.ActiveCfg = Release|Any CPU
		{A9023856-FEB0-43E4-B957-78099AAD8C2D}.Release|x86.Build.0 = Release|Any CPU
		{BF8350E8-B746-409A-88A1-E9A90F4A17F1}.Debug|Any CPU.ActiveCfg = Debug|Any CPU
		{BF8350E8-B746-409A-88A1-E9A90F4A17F1}.Debug|Any CPU.Build.0 = Debug|Any CPU
		{BF8350E8-B746-409A-88A1-E9A90F4A17F1}.Debug|x64.ActiveCfg = Debug|Any CPU
		{BF8350E8-B746-409A-88A1-E9A90F4A17F1}.Debug|x64.Build.0 = Debug|Any CPU
		{BF8350E8-B746-409A-88A1-E9A90F4A17F1}.Debug|x86.ActiveCfg = Debug|Any CPU
		{BF8350E8-B746-409A-88A1-E9A90F4A17F1}.Debug|x86.Build.0 = Debug|Any CPU
		{BF8350E8-B746-409A-88A1-E9A90F4A17F1}.Release|Any CPU.ActiveCfg = Release|Any CPU
		{BF8350E8-B746-409A-88A1-E9A90F4A17F1}.Release|Any CPU.Build.0 = Release|Any CPU
		{BF8350E8-B746-409A-88A1-E9A90F4A17F1}.Release|x64.ActiveCfg = Release|Any CPU
		{BF8350E8-B746-409A-88A1-E9A90F4A17F1}.Release|x64.Build.0 = Release|Any CPU
		{BF8350E8-B746-409A-88A1-E9A90F4A17F1}.Release|x86.ActiveCfg = Release|Any CPU
		{BF8350E8-B746-409A-88A1-E9A90F4A17F1}.Release|x86.Build.0 = Release|Any CPU
		{DEB28285-7F9A-4E07-B0EB-55DD24EC6EB5}.Debug|Any CPU.ActiveCfg = Debug|Any CPU
		{DEB28285-7F9A-4E07-B0EB-55DD24EC6EB5}.Debug|Any CPU.Build.0 = Debug|Any CPU
		{DEB28285-7F9A-4E07-B0EB-55DD24EC6EB5}.Debug|x64.ActiveCfg = Debug|Any CPU
		{DEB28285-7F9A-4E07-B0EB-55DD24EC6EB5}.Debug|x64.Build.0 = Debug|Any CPU
		{DEB28285-7F9A-4E07-B0EB-55DD24EC6EB5}.Debug|x86.ActiveCfg = Debug|Any CPU
		{DEB28285-7F9A-4E07-B0EB-55DD24EC6EB5}.Debug|x86.Build.0 = Debug|Any CPU
		{DEB28285-7F9A-4E07-B0EB-55DD24EC6EB5}.Release|Any CPU.ActiveCfg = Release|Any CPU
		{DEB28285-7F9A-4E07-B0EB-55DD24EC6EB5}.Release|Any CPU.Build.0 = Release|Any CPU
		{DEB28285-7F9A-4E07-B0EB-55DD24EC6EB5}.Release|x64.ActiveCfg = Release|Any CPU
		{DEB28285-7F9A-4E07-B0EB-55DD24EC6EB5}.Release|x64.Build.0 = Release|Any CPU
		{DEB28285-7F9A-4E07-B0EB-55DD24EC6EB5}.Release|x86.ActiveCfg = Release|Any CPU
		{DEB28285-7F9A-4E07-B0EB-55DD24EC6EB5}.Release|x86.Build.0 = Release|Any CPU
		{81DDED9D-158B-E303-5F62-77A2896D2A5A}.Debug|Any CPU.ActiveCfg = Debug|Any CPU
		{81DDED9D-158B-E303-5F62-77A2896D2A5A}.Debug|Any CPU.Build.0 = Debug|Any CPU
		{81DDED9D-158B-E303-5F62-77A2896D2A5A}.Debug|x64.ActiveCfg = Debug|Any CPU
		{81DDED9D-158B-E303-5F62-77A2896D2A5A}.Debug|x64.Build.0 = Debug|Any CPU
		{81DDED9D-158B-E303-5F62-77A2896D2A5A}.Debug|x86.ActiveCfg = Debug|Any CPU
		{81DDED9D-158B-E303-5F62-77A2896D2A5A}.Debug|x86.Build.0 = Debug|Any CPU
		{81DDED9D-158B-E303-5F62-77A2896D2A5A}.Release|Any CPU.ActiveCfg = Release|Any CPU
		{81DDED9D-158B-E303-5F62-77A2896D2A5A}.Release|Any CPU.Build.0 = Release|Any CPU
		{81DDED9D-158B-E303-5F62-77A2896D2A5A}.Release|x64.ActiveCfg = Release|Any CPU
		{81DDED9D-158B-E303-5F62-77A2896D2A5A}.Release|x64.Build.0 = Release|Any CPU
		{81DDED9D-158B-E303-5F62-77A2896D2A5A}.Release|x86.ActiveCfg = Release|Any CPU
		{81DDED9D-158B-E303-5F62-77A2896D2A5A}.Release|x86.Build.0 = Release|Any CPU
		{C485CC84-3A5E-4EAD-9AB3-10A2BEDF99C6}.Debug|Any CPU.ActiveCfg = Debug|Any CPU
		{C485CC84-3A5E-4EAD-9AB3-10A2BEDF99C6}.Debug|Any CPU.Build.0 = Debug|Any CPU
		{C485CC84-3A5E-4EAD-9AB3-10A2BEDF99C6}.Debug|x64.ActiveCfg = Debug|Any CPU
		{C485CC84-3A5E-4EAD-9AB3-10A2BEDF99C6}.Debug|x64.Build.0 = Debug|Any CPU
		{C485CC84-3A5E-4EAD-9AB3-10A2BEDF99C6}.Debug|x86.ActiveCfg = Debug|Any CPU
		{C485CC84-3A5E-4EAD-9AB3-10A2BEDF99C6}.Debug|x86.Build.0 = Debug|Any CPU
		{C485CC84-3A5E-4EAD-9AB3-10A2BEDF99C6}.Release|Any CPU.ActiveCfg = Release|Any CPU
		{C485CC84-3A5E-4EAD-9AB3-10A2BEDF99C6}.Release|Any CPU.Build.0 = Release|Any CPU
		{C485CC84-3A5E-4EAD-9AB3-10A2BEDF99C6}.Release|x64.ActiveCfg = Release|Any CPU
		{C485CC84-3A5E-4EAD-9AB3-10A2BEDF99C6}.Release|x64.Build.0 = Release|Any CPU
		{C485CC84-3A5E-4EAD-9AB3-10A2BEDF99C6}.Release|x86.ActiveCfg = Release|Any CPU
		{C485CC84-3A5E-4EAD-9AB3-10A2BEDF99C6}.Release|x86.Build.0 = Release|Any CPU
		{5D2945CF-337A-E4E9-4F6D-426EFED10428}.Debug|Any CPU.ActiveCfg = Debug|Any CPU
		{5D2945CF-337A-E4E9-4F6D-426EFED10428}.Debug|Any CPU.Build.0 = Debug|Any CPU
		{5D2945CF-337A-E4E9-4F6D-426EFED10428}.Debug|x64.ActiveCfg = Debug|Any CPU
		{5D2945CF-337A-E4E9-4F6D-426EFED10428}.Debug|x64.Build.0 = Debug|Any CPU
		{5D2945CF-337A-E4E9-4F6D-426EFED10428}.Debug|x86.ActiveCfg = Debug|Any CPU
		{5D2945CF-337A-E4E9-4F6D-426EFED10428}.Debug|x86.Build.0 = Debug|Any CPU
		{5D2945CF-337A-E4E9-4F6D-426EFED10428}.Release|Any CPU.ActiveCfg = Release|Any CPU
		{5D2945CF-337A-E4E9-4F6D-426EFED10428}.Release|Any CPU.Build.0 = Release|Any CPU
		{5D2945CF-337A-E4E9-4F6D-426EFED10428}.Release|x64.ActiveCfg = Release|Any CPU
		{5D2945CF-337A-E4E9-4F6D-426EFED10428}.Release|x64.Build.0 = Release|Any CPU
		{5D2945CF-337A-E4E9-4F6D-426EFED10428}.Release|x86.ActiveCfg = Release|Any CPU
		{5D2945CF-337A-E4E9-4F6D-426EFED10428}.Release|x86.Build.0 = Release|Any CPU
		{C2BB1C32-4104-160D-1341-6B6E0387E581}.Debug|Any CPU.ActiveCfg = Debug|Any CPU
		{C2BB1C32-4104-160D-1341-6B6E0387E581}.Debug|Any CPU.Build.0 = Debug|Any CPU
		{C2BB1C32-4104-160D-1341-6B6E0387E581}.Debug|x64.ActiveCfg = Debug|Any CPU
		{C2BB1C32-4104-160D-1341-6B6E0387E581}.Debug|x64.Build.0 = Debug|Any CPU
		{C2BB1C32-4104-160D-1341-6B6E0387E581}.Debug|x86.ActiveCfg = Debug|Any CPU
		{C2BB1C32-4104-160D-1341-6B6E0387E581}.Debug|x86.Build.0 = Debug|Any CPU
		{C2BB1C32-4104-160D-1341-6B6E0387E581}.Release|Any CPU.ActiveCfg = Release|Any CPU
		{C2BB1C32-4104-160D-1341-6B6E0387E581}.Release|Any CPU.Build.0 = Release|Any CPU
		{C2BB1C32-4104-160D-1341-6B6E0387E581}.Release|x64.ActiveCfg = Release|Any CPU
		{C2BB1C32-4104-160D-1341-6B6E0387E581}.Release|x64.Build.0 = Release|Any CPU
		{C2BB1C32-4104-160D-1341-6B6E0387E581}.Release|x86.ActiveCfg = Release|Any CPU
		{C2BB1C32-4104-160D-1341-6B6E0387E581}.Release|x86.Build.0 = Release|Any CPU
		{65D9CA3A-B606-D14E-932B-07914FAA91EA}.Debug|Any CPU.ActiveCfg = Debug|Any CPU
		{65D9CA3A-B606-D14E-932B-07914FAA91EA}.Debug|Any CPU.Build.0 = Debug|Any CPU
		{65D9CA3A-B606-D14E-932B-07914FAA91EA}.Debug|x64.ActiveCfg = Debug|Any CPU
		{65D9CA3A-B606-D14E-932B-07914FAA91EA}.Debug|x64.Build.0 = Debug|Any CPU
		{65D9CA3A-B606-D14E-932B-07914FAA91EA}.Debug|x86.ActiveCfg = Debug|Any CPU
		{65D9CA3A-B606-D14E-932B-07914FAA91EA}.Debug|x86.Build.0 = Debug|Any CPU
		{65D9CA3A-B606-D14E-932B-07914FAA91EA}.Release|Any CPU.ActiveCfg = Release|Any CPU
		{65D9CA3A-B606-D14E-932B-07914FAA91EA}.Release|Any CPU.Build.0 = Release|Any CPU
		{65D9CA3A-B606-D14E-932B-07914FAA91EA}.Release|x64.ActiveCfg = Release|Any CPU
		{65D9CA3A-B606-D14E-932B-07914FAA91EA}.Release|x64.Build.0 = Release|Any CPU
		{65D9CA3A-B606-D14E-932B-07914FAA91EA}.Release|x86.ActiveCfg = Release|Any CPU
		{65D9CA3A-B606-D14E-932B-07914FAA91EA}.Release|x86.Build.0 = Release|Any CPU
	EndGlobalSection
	GlobalSection(SolutionProperties) = preSolution
		HideSolutionNode = FALSE
	EndGlobalSection
	GlobalSection(NestedProjects) = preSolution
		{81034408-37C8-1011-444E-4C15C2FADA8E} = {827E0CD3-B72D-47B6-A68D-7590B98EB39B}
		{C0A7B346-81ED-421B-9455-21439666D47B} = {81034408-37C8-1011-444E-4C15C2FADA8E}
		{8D626EA8-CB54-BC41-363A-217881BEBA6E} = {827E0CD3-B72D-47B6-A68D-7590B98EB39B}
		{E6E3D2B6-3D8C-46C0-9B78-0E06F48E83A5} = {8D626EA8-CB54-BC41-363A-217881BEBA6E}
		{A9023856-FEB0-43E4-B957-78099AAD8C2D} = {8D626EA8-CB54-BC41-363A-217881BEBA6E}
		{9048EB7F-3875-A59E-E36B-5BD4C6F2A282} = {827E0CD3-B72D-47B6-A68D-7590B98EB39B}
		{BF8350E8-B746-409A-88A1-E9A90F4A17F1} = {9048EB7F-3875-A59E-E36B-5BD4C6F2A282}
		{DEB28285-7F9A-4E07-B0EB-55DD24EC6EB5} = {9048EB7F-3875-A59E-E36B-5BD4C6F2A282}
		{C485CC84-3A5E-4EAD-9AB3-10A2BEDF99C6} = {827E0CD3-B72D-47B6-A68D-7590B98EB39B}
		{5D2945CF-337A-E4E9-4F6D-426EFED10428} = {02EA681E-C7D8-13C7-8484-4AC65E1B71E8}
		{C2BB1C32-4104-160D-1341-6B6E0387E581} = {02EA681E-C7D8-13C7-8484-4AC65E1B71E8}
		{65D9CA3A-B606-D14E-932B-07914FAA91EA} = {02EA681E-C7D8-13C7-8484-4AC65E1B71E8}
	EndGlobalSection
	GlobalSection(ExtensibilityGlobals) = postSolution
		SolutionGuid = {DDE9EEDD-A332-4DA3-91D0-1C544FE7D5DB}
	EndGlobalSection
EndGlobal

